
Microsoft Visual Studio Solution File, Format Version 12.00
# Visual Studio Version 17
VisualStudioVersion = 17.7.34221.43
MinimumVisualStudioVersion = 10.0.40219.1
Project("{FAE04EC0-301F-11D3-BF4B-00C04F79EFBC}") = "LostArkOffice", "LostArkOffice.csproj", "{1F2A2184-0F3A-4CB1-880C-5E562D07AB6B}"
EndProject
Global
	GlobalSection(SolutionConfigurationPlatforms) = preSolution
		Debug|Any CPU = Debug|Any CPU
		Release|Any CPU = Release|Any CPU
	EndGlobalSection
	GlobalSection(ProjectConfigurationPlatforms) = postSolution
		{1F2A2184-0F3A-4CB1-880C-5E562D07AB6B}.Debug|Any CPU.ActiveCfg = Debug|Any CPU
		{1F2A2184-0F3A-4CB1-880C-5E562D07AB6B}.Debug|Any CPU.Build.0 = Debug|Any CPU
		{1F2A2184-0F3A-4CB1-880C-5E562D07AB6B}.Release|Any CPU.ActiveCfg = Release|Any CPU
		{1F2A2184-0F3A-4CB1-880C-5E562D07AB6B}.Release|Any CPU.Build.0 = Release|Any CPU
	EndGlobalSection
	GlobalSection(SolutionProperties) = preSolution
		HideSolutionNode = FALSE
	EndGlobalSection
	GlobalSection(ExtensibilityGlobals) = postSolution
		SolutionGuid = {E928A382-B433-401A-B542-BB9B805727A4}
	EndGlobalSection
EndGlobal
